
Microsoft Visual Studio Solution File, Format Version 12.00
# Visual Studio 15
VisualStudioVersion = 15.0.27004.2002
MinimumVisualStudioVersion = 10.0.40219.1
Project("{FAE04EC0-301F-11D3-BF4B-00C04F79EFBC}") = "Developer Test", "Developer Test\Developer Test.csproj", "{C3ABB5D2-24D9-4F65-B28F-E532599CC702}"
EndProject
Project("{FAE04EC0-301F-11D3-BF4B-00C04F79EFBC}") = "UnitTests", "UnitTests\UnitTests.csproj", "{6027F310-66EF-4F6C-9494-392700631CB9}"
EndProject
Global
	GlobalSection(SolutionConfigurationPlatforms) = preSolution
		Debug|Any CPU = Debug|Any CPU
		Release|Any CPU = Release|Any CPU
	EndGlobalSection
	GlobalSection(ProjectConfigurationPlatforms) = postSolution
		{C3ABB5D2-24D9-4F65-B28F-E532599CC702}.Debug|Any CPU.ActiveCfg = Debug|Any CPU
		{C3ABB5D2-24D9-4F65-B28F-E532599CC702}.Debug|Any CPU.Build.0 = Debug|Any CPU
		{C3ABB5D2-24D9-4F65-B28F-E532599CC702}.Release|Any CPU.ActiveCfg = Release|Any CPU
		{C3ABB5D2-24D9-4F65-B28F-E532599CC702}.Release|Any CPU.Build.0 = Release|Any CPU
		{6027F310-66EF-4F6C-9494-392700631CB9}.Debug|Any CPU.ActiveCfg = Debug|Any CPU
		{6027F310-66EF-4F6C-9494-392700631CB9}.Debug|Any CPU.Build.0 = Debug|Any CPU
		{6027F310-66EF-4F6C-9494-392700631CB9}.Release|Any CPU.ActiveCfg = Release|Any CPU
		{6027F310-66EF-4F6C-9494-392700631CB9}.Release|Any CPU.Build.0 = Release|Any CPU
	EndGlobalSection
	GlobalSection(SolutionProperties) = preSolution
		HideSolutionNode = FALSE
	EndGlobalSection
	GlobalSection(ExtensibilityGlobals) = postSolution
		SolutionGuid = {B1A430CF-F97C-417B-82FC-A1BBCD0085E5}
	EndGlobalSection
EndGlobal
